
Microsoft Visual Studio Solution File, Format Version 12.00
# Visual Studio 2015
Project("{FAE04EC0-301F-11D3-BF4B-00C04F79EFBC}") = "Tower.CSharp", "Tower.CSharp.csproj", "{E2202850-6B49-60CC-120A-283DF47BA48C}"
EndProject
Project("{FAE04EC0-301F-11D3-BF4B-00C04F79EFBC}") = "Tower.CSharp.Editor", "Tower.CSharp.Editor.csproj", "{78F13096-B49E-6D88-9EF5-07EB1C95368E}"
EndProject
Global
	GlobalSection(SolutionConfigurationPlatforms) = preSolution
		Debug|Any CPU = Debug|Any CPU
		Release|Any CPU = Release|Any CPU
	EndGlobalSection
	GlobalSection(ProjectConfigurationPlatforms) = postSolution
		{E2202850-6B49-60CC-120A-283DF47BA48C}.Debug|Any CPU.ActiveCfg = Debug|Any CPU
		{E2202850-6B49-60CC-120A-283DF47BA48C}.Debug|Any CPU.Build.0 = Debug|Any CPU
		{E2202850-6B49-60CC-120A-283DF47BA48C}.Release|Any CPU.ActiveCfg = Release|Any CPU
		{E2202850-6B49-60CC-120A-283DF47BA48C}.Release|Any CPU.Build.0 = Release|Any CPU
		{78F13096-B49E-6D88-9EF5-07EB1C95368E}.Debug|Any CPU.ActiveCfg = Debug|Any CPU
		{78F13096-B49E-6D88-9EF5-07EB1C95368E}.Debug|Any CPU.Build.0 = Debug|Any CPU
		{78F13096-B49E-6D88-9EF5-07EB1C95368E}.Release|Any CPU.ActiveCfg = Release|Any CPU
		{78F13096-B49E-6D88-9EF5-07EB1C95368E}.Release|Any CPU.Build.0 = Release|Any CPU
	EndGlobalSection
	GlobalSection(SolutionProperties) = preSolution
		HideSolutionNode = FALSE
	EndGlobalSection
EndGlobal
